<?xml version="1.0" encoding="UTF-8" standalone="yes" ?>
<CodeBlocks_project_file>
	<FileVersion major="1" minor="6" />
	<Project>
		<Option title="lgogdownloader" />
		<Option pch_mode="2" />
		<Option compiler="gcc" />
		<Build>
			<Target title="Debug">
				<Option output="bin/Debug/lgogdownloader" prefix_auto="1" extension_auto="1" />
				<Option object_output="obj/Debug/" />
				<Option type="1" />
				<Option compiler="gcc" />
				<Compiler>
					<Add option="-g" />
					<Add option="-DDEBUG" />
					<Add directory="include" />
				</Compiler>
			</Target>
			<Target title="Release">
				<Option output="bin/Release/lgogdownloader" prefix_auto="1" extension_auto="1" />
				<Option object_output="obj/Release/" />
				<Option type="1" />
				<Option compiler="gcc" />
				<Compiler>
					<Add option="-O2" />
					<Add directory="include" />
				</Compiler>
				<Linker>
					<Add option="-s" />
				</Linker>
			</Target>
		</Build>
		<Compiler>
			<Add option="-std=c++0x" />
			<Add option="-Wall" />
			<Add option="-fexceptions" />
			<Add directory="include" />
		</Compiler>
		<Linker>
			<Add library="curl" />
			<Add library="oauth" />
			<Add library="jsoncpp" />
			<Add library="htmlcxx" />
			<Add library="boost_system" />
			<Add library="boost_filesystem" />
			<Add library="boost_regex" />
			<Add library="boost_program_options" />
			<Add library="boost_date_time" />
			<Add library="tinyxml" />
			<Add library="rhash" />
		</Linker>
		<Unit filename="include/api.h" />
		<Unit filename="include/blacklist.h" />
		<Unit filename="include/config.h" />
		<Unit filename="include/downloader.h" />
		<Unit filename="include/gamedetails.h" />
		<Unit filename="include/gamefile.h" />
		<Unit filename="include/globalconstants.h" />
		<Unit filename="include/progressbar.h" />
		<Unit filename="include/util.h" />
		<Unit filename="main.cpp" />
		<Unit filename="src/api.cpp" />
		<Unit filename="src/blacklist.cpp" />
		<Unit filename="src/downloader.cpp" />
		<Unit filename="src/gamedetails.cpp" />
		<Unit filename="src/gamefile.cpp" />
		<Unit filename="src/progressbar.cpp" />
		<Unit filename="src/util.cpp" />
		<Extensions>
			<code_completion />
			<debugger />
			<envvars />
		</Extensions>
	</Project>
</CodeBlocks_project_file>
